
Microsoft Visual Studio Solution File, Format Version 12.00
# Visual Studio 15
VisualStudioVersion = 15.0.27130.2010
MinimumVisualStudioVersion = 10.0.40219.1
Project("{8BC9CEB8-8B4A-11D0-8D11-00A0C91BC942}") = "mp2-lab4-SM", "mp2-lab4-SM\mp2-lab4-SM.vcxproj", "{26EAED60-4243-4DC2-B414-01FA5B258C5D}"
EndProject
Project("{8BC9CEB8-8B4A-11D0-8D11-00A0C91BC942}") = "gtest", "..\..\..\Second term\lab1\mp2-lab3-postfix\gurov\gtest\gtest.vcxproj", "{60932AFC-7808-48B7-B3BF-F2BC151C0065}"
EndProject
Project("{8BC9CEB8-8B4A-11D0-8D11-00A0C91BC942}") = "base_test", "..\..\..\Second term\lab1\mp2-lab3-postfix\gurov\base_test\base_test.vcxproj", "{F266A6B4-CBC2-41C0-9F55-056959ABA352}"
EndProject
Project("{8BC9CEB8-8B4A-11D0-8D11-00A0C91BC942}") = "base", "..\..\..\Second term\lab1\mp2-lab3-postfix\gurov\base\base.vcxproj", "{4854D7B0-72B7-4276-BE33-BFADBC979165}"
EndProject
Global
	GlobalSection(SolutionConfigurationPlatforms) = preSolution
		Debug|x64 = Debug|x64
		Debug|x86 = Debug|x86
		Release|x64 = Release|x64
		Release|x86 = Release|x86
	EndGlobalSection
	GlobalSection(ProjectConfigurationPlatforms) = postSolution
		{26EAED60-4243-4DC2-B414-01FA5B258C5D}.Debug|x64.ActiveCfg = Debug|x64
		{26EAED60-4243-4DC2-B414-01FA5B258C5D}.Debug|x64.Build.0 = Debug|x64
		{26EAED60-4243-4DC2-B414-01FA5B258C5D}.Debug|x86.ActiveCfg = Debug|Win32
		{26EAED60-4243-4DC2-B414-01FA5B258C5D}.Debug|x86.Build.0 = Debug|Win32
		{26EAED60-4243-4DC2-B414-01FA5B258C5D}.Release|x64.ActiveCfg = Release|x64
		{26EAED60-4243-4DC2-B414-01FA5B258C5D}.Release|x64.Build.0 = Release|x64
		{26EAED60-4243-4DC2-B414-01FA5B258C5D}.Release|x86.ActiveCfg = Release|Win32
		{26EAED60-4243-4DC2-B414-01FA5B258C5D}.Release|x86.Build.0 = Release|Win32
		{60932AFC-7808-48B7-B3BF-F2BC151C0065}.Debug|x64.ActiveCfg = Debug|Win32
		{60932AFC-7808-48B7-B3BF-F2BC151C0065}.Debug|x86.ActiveCfg = Debug|Win32
		{60932AFC-7808-48B7-B3BF-F2BC151C0065}.Debug|x86.Build.0 = Debug|Win32
		{60932AFC-7808-48B7-B3BF-F2BC151C0065}.Release|x64.ActiveCfg = Release|Win32
		{60932AFC-7808-48B7-B3BF-F2BC151C0065}.Release|x86.ActiveCfg = Release|Win32
		{60932AFC-7808-48B7-B3BF-F2BC151C0065}.Release|x86.Build.0 = Release|Win32
		{F266A6B4-CBC2-41C0-9F55-056959ABA352}.Debug|x64.ActiveCfg = Debug|Win32
		{F266A6B4-CBC2-41C0-9F55-056959ABA352}.Debug|x86.ActiveCfg = Debug|Win32
		{F266A6B4-CBC2-41C0-9F55-056959ABA352}.Debug|x86.Build.0 = Debug|Win32
		{F266A6B4-CBC2-41C0-9F55-056959ABA352}.Release|x64.ActiveCfg = Release|Win32
		{F266A6B4-CBC2-41C0-9F55-056959ABA352}.Release|x86.ActiveCfg = Release|Win32
		{F266A6B4-CBC2-41C0-9F55-056959ABA352}.Release|x86.Build.0 = Release|Win32
		{4854D7B0-72B7-4276-BE33-BFADBC979165}.Debug|x64.ActiveCfg = Debug|Win32
		{4854D7B0-72B7-4276-BE33-BFADBC979165}.Debug|x86.ActiveCfg = Debug|Win32
		{4854D7B0-72B7-4276-BE33-BFADBC979165}.Debug|x86.Build.0 = Debug|Win32
		{4854D7B0-72B7-4276-BE33-BFADBC979165}.Release|x64.ActiveCfg = Release|Win32
		{4854D7B0-72B7-4276-BE33-BFADBC979165}.Release|x86.ActiveCfg = Release|Win32
		{4854D7B0-72B7-4276-BE33-BFADBC979165}.Release|x86.Build.0 = Release|Win32
	EndGlobalSection
	GlobalSection(SolutionProperties) = preSolution
		HideSolutionNode = FALSE
	EndGlobalSection
	GlobalSection(ExtensibilityGlobals) = postSolution
		SolutionGuid = {45BE295F-2D32-4638-ABEA-0514C7CA1020}
	EndGlobalSection
EndGlobal
